
Microsoft Visual Studio Solution File, Format Version 12.00
# Visual Studio 15
VisualStudioVersion = 15.0.28307.645
MinimumVisualStudioVersion = 10.0.40219.1
Project("{9A19103F-16F7-4668-BE54-9A1E7A4F7556}") = "Gateway", "Gateway\Gateway.csproj", "{4F33EB4E-7305-4400-B6B5-E39C4733CD07}"
EndProject
Project("{9A19103F-16F7-4668-BE54-9A1E7A4F7556}") = "Pedido", "Pedido\Pedido.csproj", "{D962E1B3-A1ED-4DFE-89FB-543F3C329B25}"
EndProject
Project("{9A19103F-16F7-4668-BE54-9A1E7A4F7556}") = "Catalogo", "Catalogo\Catalogo.csproj", "{F44CDC76-9A6D-4276-9D55-5507550ECD91}"
EndProject
Project("{2150E333-8FDC-42A3-9474-1A3956D46DE8}") = "0 . Docker", "0 . Docker", "{634A822A-C536-491B-8302-FBCDE64B1B93}"
EndProject
Project("{2150E333-8FDC-42A3-9474-1A3956D46DE8}") = "1. Gateway", "1. Gateway", "{3353EFEF-E55D-473B-9E70-A67BB16B67B1}"
EndProject
Project("{2150E333-8FDC-42A3-9474-1A3956D46DE8}") = "2. Catalogo", "2. Catalogo", "{E0E3465E-96AF-479A-B1CD-10BB84DD95D4}"
EndProject
Project("{2150E333-8FDC-42A3-9474-1A3956D46DE8}") = "3. Pedido", "3. Pedido", "{9A14A3AC-34C1-4970-A81D-C6F3E58DB5C9}"
EndProject
Project("{E53339B2-1760-4266-BCC7-CA923CBCF16C}") = "docker-compose", "docker-compose.dcproj", "{A50FA77B-001E-40FB-8967-78C8A3EE8011}"
EndProject
Global
	GlobalSection(SolutionConfigurationPlatforms) = preSolution
		Debug|Any CPU = Debug|Any CPU
		Release|Any CPU = Release|Any CPU
	EndGlobalSection
	GlobalSection(ProjectConfigurationPlatforms) = postSolution
		{4F33EB4E-7305-4400-B6B5-E39C4733CD07}.Debug|Any CPU.ActiveCfg = Debug|Any CPU
		{4F33EB4E-7305-4400-B6B5-E39C4733CD07}.Debug|Any CPU.Build.0 = Debug|Any CPU
		{4F33EB4E-7305-4400-B6B5-E39C4733CD07}.Release|Any CPU.ActiveCfg = Release|Any CPU
		{4F33EB4E-7305-4400-B6B5-E39C4733CD07}.Release|Any CPU.Build.0 = Release|Any CPU
		{D962E1B3-A1ED-4DFE-89FB-543F3C329B25}.Debug|Any CPU.ActiveCfg = Debug|Any CPU
		{D962E1B3-A1ED-4DFE-89FB-543F3C329B25}.Debug|Any CPU.Build.0 = Debug|Any CPU
		{D962E1B3-A1ED-4DFE-89FB-543F3C329B25}.Release|Any CPU.ActiveCfg = Release|Any CPU
		{D962E1B3-A1ED-4DFE-89FB-543F3C329B25}.Release|Any CPU.Build.0 = Release|Any CPU
		{F44CDC76-9A6D-4276-9D55-5507550ECD91}.Debug|Any CPU.ActiveCfg = Debug|Any CPU
		{F44CDC76-9A6D-4276-9D55-5507550ECD91}.Debug|Any CPU.Build.0 = Debug|Any CPU
		{F44CDC76-9A6D-4276-9D55-5507550ECD91}.Release|Any CPU.ActiveCfg = Release|Any CPU
		{F44CDC76-9A6D-4276-9D55-5507550ECD91}.Release|Any CPU.Build.0 = Release|Any CPU
		{A50FA77B-001E-40FB-8967-78C8A3EE8011}.Debug|Any CPU.ActiveCfg = Debug|Any CPU
		{A50FA77B-001E-40FB-8967-78C8A3EE8011}.Debug|Any CPU.Build.0 = Debug|Any CPU
		{A50FA77B-001E-40FB-8967-78C8A3EE8011}.Release|Any CPU.ActiveCfg = Release|Any CPU
		{A50FA77B-001E-40FB-8967-78C8A3EE8011}.Release|Any CPU.Build.0 = Release|Any CPU
	EndGlobalSection
	GlobalSection(SolutionProperties) = preSolution
		HideSolutionNode = FALSE
	EndGlobalSection
	GlobalSection(NestedProjects) = preSolution
		{4F33EB4E-7305-4400-B6B5-E39C4733CD07} = {3353EFEF-E55D-473B-9E70-A67BB16B67B1}
		{D962E1B3-A1ED-4DFE-89FB-543F3C329B25} = {9A14A3AC-34C1-4970-A81D-C6F3E58DB5C9}
		{F44CDC76-9A6D-4276-9D55-5507550ECD91} = {E0E3465E-96AF-479A-B1CD-10BB84DD95D4}
		{A50FA77B-001E-40FB-8967-78C8A3EE8011} = {634A822A-C536-491B-8302-FBCDE64B1B93}
	EndGlobalSection
	GlobalSection(ExtensibilityGlobals) = postSolution
		SolutionGuid = {3859F9F3-DA6D-446F-B386-A2D02EB1FABE}
	EndGlobalSection
EndGlobal
