
Microsoft Visual Studio Solution File, Format Version 12.00
# Visual Studio Version 16
VisualStudioVersion = 16.0.29009.5
MinimumVisualStudioVersion = 10.0.40219.1
Project("{9A19103F-16F7-4668-BE54-9A1E7A4F7556}") = "Gateway", "Gateway\Gateway.csproj", "{4F33EB4E-7305-4400-B6B5-E39C4733CD07}"
EndProject
Project("{9A19103F-16F7-4668-BE54-9A1E7A4F7556}") = "PedidoTESTE", "Pedido\PedidoTESTE.csproj", "{D962E1B3-A1ED-4DFE-89FB-543F3C329B25}"
EndProject
Project("{9A19103F-16F7-4668-BE54-9A1E7A4F7556}") = "CatalogoTESTE", "Catalogo\CatalogoTESTE.csproj", "{F44CDC76-9A6D-4276-9D55-5507550ECD91}"
EndProject
Project("{2150E333-8FDC-42A3-9474-1A3956D46DE8}") = "0 . Docker", "0 . Docker", "{634A822A-C536-491B-8302-FBCDE64B1B93}"
EndProject
Project("{2150E333-8FDC-42A3-9474-1A3956D46DE8}") = "2. Gateway", "2. Gateway", "{3353EFEF-E55D-473B-9E70-A67BB16B67B1}"
EndProject
Project("{E53339B2-1760-4266-BCC7-CA923CBCF16C}") = "docker-compose", "docker-compose.dcproj", "{A50FA77B-001E-40FB-8967-78C8A3EE8011}"
EndProject
Project("{9A19103F-16F7-4668-BE54-9A1E7A4F7556}") = "RPCClient", "RPCClient\RPCClient.csproj", "{BD570250-30D1-47E9-B870-44D54C402F3F}"
EndProject
Project("{2150E333-8FDC-42A3-9474-1A3956D46DE8}") = "1. Front's", "1. Front's", "{76931394-9D2C-4304-90D4-F196B3A826F9}"
EndProject
Project("{2150E333-8FDC-42A3-9474-1A3956D46DE8}") = "3. Services", "3. Services", "{703F1248-B865-425D-8940-A49C7CF91F6E}"
EndProject
Project("{9A19103F-16F7-4668-BE54-9A1E7A4F7556}") = "RPCServer", "RPCServer\RPCServer.csproj", "{DC8C099C-0488-495A-85AD-5747FC3CBC41}"
EndProject
Global
	GlobalSection(SolutionConfigurationPlatforms) = preSolution
		Debug|Any CPU = Debug|Any CPU
		Release|Any CPU = Release|Any CPU
	EndGlobalSection
	GlobalSection(ProjectConfigurationPlatforms) = postSolution
		{4F33EB4E-7305-4400-B6B5-E39C4733CD07}.Debug|Any CPU.ActiveCfg = Debug|Any CPU
		{4F33EB4E-7305-4400-B6B5-E39C4733CD07}.Debug|Any CPU.Build.0 = Debug|Any CPU
		{4F33EB4E-7305-4400-B6B5-E39C4733CD07}.Release|Any CPU.ActiveCfg = Release|Any CPU
		{4F33EB4E-7305-4400-B6B5-E39C4733CD07}.Release|Any CPU.Build.0 = Release|Any CPU
		{D962E1B3-A1ED-4DFE-89FB-543F3C329B25}.Debug|Any CPU.ActiveCfg = Debug|Any CPU
		{D962E1B3-A1ED-4DFE-89FB-543F3C329B25}.Debug|Any CPU.Build.0 = Debug|Any CPU
		{D962E1B3-A1ED-4DFE-89FB-543F3C329B25}.Release|Any CPU.ActiveCfg = Release|Any CPU
		{D962E1B3-A1ED-4DFE-89FB-543F3C329B25}.Release|Any CPU.Build.0 = Release|Any CPU
		{F44CDC76-9A6D-4276-9D55-5507550ECD91}.Debug|Any CPU.ActiveCfg = Debug|Any CPU
		{F44CDC76-9A6D-4276-9D55-5507550ECD91}.Debug|Any CPU.Build.0 = Debug|Any CPU
		{F44CDC76-9A6D-4276-9D55-5507550ECD91}.Release|Any CPU.ActiveCfg = Release|Any CPU
		{F44CDC76-9A6D-4276-9D55-5507550ECD91}.Release|Any CPU.Build.0 = Release|Any CPU
		{A50FA77B-001E-40FB-8967-78C8A3EE8011}.Debug|Any CPU.ActiveCfg = Debug|Any CPU
		{A50FA77B-001E-40FB-8967-78C8A3EE8011}.Debug|Any CPU.Build.0 = Debug|Any CPU
		{A50FA77B-001E-40FB-8967-78C8A3EE8011}.Release|Any CPU.ActiveCfg = Release|Any CPU
		{A50FA77B-001E-40FB-8967-78C8A3EE8011}.Release|Any CPU.Build.0 = Release|Any CPU
		{BD570250-30D1-47E9-B870-44D54C402F3F}.Debug|Any CPU.ActiveCfg = Debug|Any CPU
		{BD570250-30D1-47E9-B870-44D54C402F3F}.Debug|Any CPU.Build.0 = Debug|Any CPU
		{BD570250-30D1-47E9-B870-44D54C402F3F}.Release|Any CPU.ActiveCfg = Release|Any CPU
		{BD570250-30D1-47E9-B870-44D54C402F3F}.Release|Any CPU.Build.0 = Release|Any CPU
		{DC8C099C-0488-495A-85AD-5747FC3CBC41}.Debug|Any CPU.ActiveCfg = Debug|Any CPU
		{DC8C099C-0488-495A-85AD-5747FC3CBC41}.Debug|Any CPU.Build.0 = Debug|Any CPU
		{DC8C099C-0488-495A-85AD-5747FC3CBC41}.Release|Any CPU.ActiveCfg = Release|Any CPU
		{DC8C099C-0488-495A-85AD-5747FC3CBC41}.Release|Any CPU.Build.0 = Release|Any CPU
	EndGlobalSection
	GlobalSection(SolutionProperties) = preSolution
		HideSolutionNode = FALSE
	EndGlobalSection
	GlobalSection(NestedProjects) = preSolution
		{4F33EB4E-7305-4400-B6B5-E39C4733CD07} = {3353EFEF-E55D-473B-9E70-A67BB16B67B1}
		{D962E1B3-A1ED-4DFE-89FB-543F3C329B25} = {76931394-9D2C-4304-90D4-F196B3A826F9}
		{F44CDC76-9A6D-4276-9D55-5507550ECD91} = {76931394-9D2C-4304-90D4-F196B3A826F9}
		{A50FA77B-001E-40FB-8967-78C8A3EE8011} = {634A822A-C536-491B-8302-FBCDE64B1B93}
		{BD570250-30D1-47E9-B870-44D54C402F3F} = {703F1248-B865-425D-8940-A49C7CF91F6E}
		{DC8C099C-0488-495A-85AD-5747FC3CBC41} = {703F1248-B865-425D-8940-A49C7CF91F6E}
	EndGlobalSection
	GlobalSection(ExtensibilityGlobals) = postSolution
		SolutionGuid = {3859F9F3-DA6D-446F-B386-A2D02EB1FABE}
	EndGlobalSection
EndGlobal
